
Microsoft Visual Studio Solution File, Format Version 12.00
# Visual Studio Version 17
VisualStudioVersion = 17.9.34728.123
MinimumVisualStudioVersion = 10.0.40219.1
Project("{FAE04EC0-301F-11D3-BF4B-00C04F79EFBC}") = "CapaPresentacion", "Punto de venta\CapaPresentacion.csproj", "{3EC290FD-83A6-4235-B3D0-2A32B90FF223}"
EndProject
Project("{FAE04EC0-301F-11D3-BF4B-00C04F79EFBC}") = "CapaNegocio", "CapaNegocio\CapaNegocio.csproj", "{06D8B792-0CFF-437E-B345-AC437B5A6C2E}"
EndProject
Project("{FAE04EC0-301F-11D3-BF4B-00C04F79EFBC}") = "CapaEntidad", "CapaEntidad\CapaEntidad.csproj", "{5395CEB6-6AEE-45B1-B049-34A12331542C}"
EndProject
Project("{FAE04EC0-301F-11D3-BF4B-00C04F79EFBC}") = "CapaDatos", "CapaDatos\CapaDatos.csproj", "{98104302-2278-4EAE-B8F7-D2D5979A66A7}"
EndProject
Global
	GlobalSection(SolutionConfigurationPlatforms) = preSolution
		Debug|Any CPU = Debug|Any CPU
		Release|Any CPU = Release|Any CPU
	EndGlobalSection
	GlobalSection(ProjectConfigurationPlatforms) = postSolution
		{3EC290FD-83A6-4235-B3D0-2A32B90FF223}.Debug|Any CPU.ActiveCfg = Debug|Any CPU
		{3EC290FD-83A6-4235-B3D0-2A32B90FF223}.Debug|Any CPU.Build.0 = Debug|Any CPU
		{3EC290FD-83A6-4235-B3D0-2A32B90FF223}.Release|Any CPU.ActiveCfg = Release|Any CPU
		{3EC290FD-83A6-4235-B3D0-2A32B90FF223}.Release|Any CPU.Build.0 = Release|Any CPU
		{06D8B792-0CFF-437E-B345-AC437B5A6C2E}.Debug|Any CPU.ActiveCfg = Debug|Any CPU
		{06D8B792-0CFF-437E-B345-AC437B5A6C2E}.Debug|Any CPU.Build.0 = Debug|Any CPU
		{06D8B792-0CFF-437E-B345-AC437B5A6C2E}.Release|Any CPU.ActiveCfg = Release|Any CPU
		{06D8B792-0CFF-437E-B345-AC437B5A6C2E}.Release|Any CPU.Build.0 = Release|Any CPU
		{5395CEB6-6AEE-45B1-B049-34A12331542C}.Debug|Any CPU.ActiveCfg = Debug|Any CPU
		{5395CEB6-6AEE-45B1-B049-34A12331542C}.Debug|Any CPU.Build.0 = Debug|Any CPU
		{5395CEB6-6AEE-45B1-B049-34A12331542C}.Release|Any CPU.ActiveCfg = Release|Any CPU
		{5395CEB6-6AEE-45B1-B049-34A12331542C}.Release|Any CPU.Build.0 = Release|Any CPU
		{98104302-2278-4EAE-B8F7-D2D5979A66A7}.Debug|Any CPU.ActiveCfg = Debug|Any CPU
		{98104302-2278-4EAE-B8F7-D2D5979A66A7}.Debug|Any CPU.Build.0 = Debug|Any CPU
		{98104302-2278-4EAE-B8F7-D2D5979A66A7}.Release|Any CPU.ActiveCfg = Release|Any CPU
		{98104302-2278-4EAE-B8F7-D2D5979A66A7}.Release|Any CPU.Build.0 = Release|Any CPU
	EndGlobalSection
	GlobalSection(SolutionProperties) = preSolution
		HideSolutionNode = FALSE
	EndGlobalSection
	GlobalSection(ExtensibilityGlobals) = postSolution
		SolutionGuid = {6432FCC6-02F6-4B71-BD6A-428B90CED60A}
	EndGlobalSection
EndGlobal
